
Microsoft Visual Studio Solution File, Format Version 12.00
# Visual Studio 15
VisualStudioVersion = 15.0.28307.168
MinimumVisualStudioVersion = 10.0.40219.1
Project("{FAE04EC0-301F-11D3-BF4B-00C04F79EFBC}") = "ProjectManagementFilm", "ProjectManagementFilm\ProjectManagementFilm.csproj", "{73AB3BBD-67F8-4546-9BF6-3D83C4421547}"
EndProject
Global
	GlobalSection(SolutionConfigurationPlatforms) = preSolution
		Debug|Any CPU = Debug|Any CPU
		Release|Any CPU = Release|Any CPU
	EndGlobalSection
	GlobalSection(ProjectConfigurationPlatforms) = postSolution
		{73AB3BBD-67F8-4546-9BF6-3D83C4421547}.Debug|Any CPU.ActiveCfg = Debug|Any CPU
		{73AB3BBD-67F8-4546-9BF6-3D83C4421547}.Debug|Any CPU.Build.0 = Debug|Any CPU
		{73AB3BBD-67F8-4546-9BF6-3D83C4421547}.Release|Any CPU.ActiveCfg = Release|Any CPU
		{73AB3BBD-67F8-4546-9BF6-3D83C4421547}.Release|Any CPU.Build.0 = Release|Any CPU
	EndGlobalSection
	GlobalSection(SolutionProperties) = preSolution
		HideSolutionNode = FALSE
	EndGlobalSection
	GlobalSection(ExtensibilityGlobals) = postSolution
		SolutionGuid = {ABA16C23-78A5-4312-B789-4E22F2CA3E8B}
	EndGlobalSection
EndGlobal
